
Microsoft Visual Studio Solution File, Format Version 12.00
# Visual Studio Version 16
VisualStudioVersion = 16.0.30225.117
MinimumVisualStudioVersion = 10.0.40219.1
Project("{8BC9CEB8-8B4A-11D0-8D11-00A0C91BC942}") = "Platformer Cat", "Platformer Cat.vcxproj", "{F5AF555B-C3D5-4A92-ABFF-606F8D0A409B}"
EndProject
Global
	GlobalSection(SolutionConfigurationPlatforms) = preSolution
		Debug|x64 = Debug|x64
		Debug|x86 = Debug|x86
		Release|x64 = Release|x64
		Release|x86 = Release|x86
	EndGlobalSection
	GlobalSection(ProjectConfigurationPlatforms) = postSolution
		{F5AF555B-C3D5-4A92-ABFF-606F8D0A409B}.Debug|x64.ActiveCfg = Debug|x64
		{F5AF555B-C3D5-4A92-ABFF-606F8D0A409B}.Debug|x64.Build.0 = Debug|x64
		{F5AF555B-C3D5-4A92-ABFF-606F8D0A409B}.Debug|x86.ActiveCfg = Debug|Win32
		{F5AF555B-C3D5-4A92-ABFF-606F8D0A409B}.Debug|x86.Build.0 = Debug|Win32
		{F5AF555B-C3D5-4A92-ABFF-606F8D0A409B}.Release|x64.ActiveCfg = Release|x64
		{F5AF555B-C3D5-4A92-ABFF-606F8D0A409B}.Release|x64.Build.0 = Release|x64
		{F5AF555B-C3D5-4A92-ABFF-606F8D0A409B}.Release|x86.ActiveCfg = Release|Win32
		{F5AF555B-C3D5-4A92-ABFF-606F8D0A409B}.Release|x86.Build.0 = Release|Win32
	EndGlobalSection
	GlobalSection(SolutionProperties) = preSolution
		HideSolutionNode = FALSE
	EndGlobalSection
	GlobalSection(ExtensibilityGlobals) = postSolution
		SolutionGuid = {EE1682D7-3525-4958-AE05-4038D60E553C}
	EndGlobalSection
EndGlobal
